<?xml version="1.0" encoding="UTF-8" standalone="yes" ?>
<CodeBlocks_project_file>
	<FileVersion major="1" minor="6" />
	<Project>
		<Option title="ProjetBleuCanard" />
		<Option pch_mode="2" />
		<Option compiler="gcc" />
		<Build>
			<Target title="Debug">
				<Option output="bin/Debug/ProjetBleuCanard" prefix_auto="1" extension_auto="1" />
				<Option object_output="obj/Debug/" />
				<Option type="1" />
				<Option compiler="gcc" />
				<Compiler>
					<Add option="-g" />
					<Add directory="include" />
				</Compiler>
			</Target>
			<Target title="Release">
				<Option output="bin/Release/ProjetBleuCanard" prefix_auto="1" extension_auto="1" />
				<Option object_output="obj/Release/" />
				<Option type="1" />
				<Option compiler="gcc" />
				<Compiler>
					<Add option="-O2" />
					<Add directory="include" />
				</Compiler>
				<Linker>
					<Add option="-s" />
				</Linker>
			</Target>
		</Build>
		<Compiler>
			<Add option="-Wall" />
			<Add option="-fexceptions" />
		</Compiler>
		<Unit filename="include/animationmanager.h" />
		<Unit filename="include/area.h" />
		<Unit filename="include/areamanager.h" />
		<Unit filename="include/bandit.h" />
		<Unit filename="include/behavior.h" />
		<Unit filename="include/character.h" />
		<Unit filename="include/charactermanager.h" />
		<Unit filename="include/clock.h" />
		<Unit filename="include/clockmanager.h" />
		<Unit filename="include/controler.h" />
		<Unit filename="include/core.h" />
		<Unit filename="include/credit.h" />
		<Unit filename="include/creditgraphics.h" />
		<Unit filename="include/creditmanager.h" />
		<Unit filename="include/creditobserver.h" />
		<Unit filename="include/engine.h" />
		<Unit filename="include/friendlybehavior.h" />
		<Unit filename="include/friendlybehaviorattack.h" />
		<Unit filename="include/friendlybehaviordefend.h" />
		<Unit filename="include/friendlybehaviorfollow.h" />
		<Unit filename="include/friendlybehaviorpanic.h" />
		<Unit filename="include/global.h" />
		<Unit filename="include/graphicsengine.h" />
		<Unit filename="include/hostilebehavior.h" />
		<Unit filename="include/hostilebehaviorattack.h" />
		<Unit filename="include/hostilebehaviordefend.h" />
		<Unit filename="include/menu.h" />
		<Unit filename="include/menugraphics.h" />
		<Unit filename="include/menumanager.h" />
		<Unit filename="include/menuobserver.h" />
		<Unit filename="include/neutralbehavior.h" />
		<Unit filename="include/neutralbehaviorflee.h" />
		<Unit filename="include/neutralbehaviorstroll.h" />
		<Unit filename="include/npc.h" />
		<Unit filename="include/pause.h" />
		<Unit filename="include/pausegraphics.h" />
		<Unit filename="include/pausemanager.h" />
		<Unit filename="include/pauseobserver.h" />
		<Unit filename="include/pet.h" />
		<Unit filename="include/settings.h" />
		<Unit filename="include/settingsgraphics.h" />
		<Unit filename="include/settingsmanager.h" />
		<Unit filename="include/settingsobserver.h" />
		<Unit filename="include/socialbehavior.h" />
		<Unit filename="include/socialbehaviorsell.h" />
		<Unit filename="include/socialbehaviortalk.h" />
		<Unit filename="include/tile.h" />
		<Unit filename="include/tool.h" />
		<Unit filename="include/trigger.h" />
		<Unit filename="include/villager.h" />
		<Unit filename="include/wolf.h" />
		<Unit filename="include/world.h" />
		<Unit filename="include/worldmanager.h" />
		<Unit filename="include/worldobserver.h" />
		<Unit filename="main.cpp" />
		<Unit filename="src/animationmanager.cpp" />
		<Unit filename="src/area.cpp" />
		<Unit filename="src/areamanager.cpp" />
		<Unit filename="src/bandit.cpp" />
		<Unit filename="src/behavior.cpp" />
		<Unit filename="src/character.cpp" />
		<Unit filename="src/charactermanager.cpp" />
		<Unit filename="src/clock.cpp" />
		<Unit filename="src/clockmanager.cpp" />
		<Unit filename="src/controler.cpp" />
		<Unit filename="src/core.cpp" />
		<Unit filename="src/credit.cpp" />
		<Unit filename="src/creditgraphics.cpp" />
		<Unit filename="src/creditmanager.cpp" />
		<Unit filename="src/creditobserver.cpp" />
		<Unit filename="src/engine.cpp" />
		<Unit filename="src/friendlybehavior.cpp" />
		<Unit filename="src/friendlybehaviorattack.cpp" />
		<Unit filename="src/friendlybehaviordefend.cpp" />
		<Unit filename="src/friendlybehaviorfollow.cpp" />
		<Unit filename="src/friendlybehaviorpanic.cpp" />
		<Unit filename="src/global.cpp" />
		<Unit filename="src/graphicsengine.cpp" />
		<Unit filename="src/hostilebehavior.cpp" />
		<Unit filename="src/hostilebehaviorattack.cpp" />
		<Unit filename="src/hostilebehaviordefend.cpp" />
		<Unit filename="src/menu.cpp" />
		<Unit filename="src/menugraphics.cpp" />
		<Unit filename="src/menumanager.cpp" />
		<Unit filename="src/menuobserver.cpp" />
		<Unit filename="src/neutralbehavior.cpp" />
		<Unit filename="src/neutralbehaviorflee.cpp" />
		<Unit filename="src/neutralbehaviorstroll.cpp" />
		<Unit filename="src/npc.cpp" />
		<Unit filename="src/pause.cpp" />
		<Unit filename="src/pausegraphics.cpp" />
		<Unit filename="src/pausemanager.cpp" />
		<Unit filename="src/pauseobserver.cpp" />
		<Unit filename="src/pet.cpp" />
		<Unit filename="src/settings.cpp" />
		<Unit filename="src/settingsgraphics.cpp" />
		<Unit filename="src/settingsmanager.cpp" />
		<Unit filename="src/settingsobserver.cpp" />
		<Unit filename="src/socialbehavior.cpp" />
		<Unit filename="src/socialbehaviorsell.cpp" />
		<Unit filename="src/socialbehaviortalk.cpp" />
		<Unit filename="src/tile.cpp" />
		<Unit filename="src/tool.cpp" />
		<Unit filename="src/trigger.cpp" />
		<Unit filename="src/villager.cpp" />
		<Unit filename="src/wolf.cpp" />
		<Unit filename="src/world.cpp" />
		<Unit filename="src/worldmanager.cpp" />
		<Unit filename="src/worldobserver.cpp" />
		<Extensions>
			<code_completion />
			<envvars />
			<debugger />
			<lib_finder disable_auto="1" />
		</Extensions>
	</Project>
</CodeBlocks_project_file>
